
Microsoft Visual Studio Solution File, Format Version 12.00
# Visual Studio Version 17
VisualStudioVersion = 17.3.32929.385
MinimumVisualStudioVersion = 10.0.40219.1
Project("{FAE04EC0-301F-11D3-BF4B-00C04F79EFBC}") = "Unifisio_WebAplicação", "Unifisio_WebAplicação\Unifisio_WebAplicação.csproj", "{0B9F0E80-58B9-4A38-AB89-621149266B02}"
EndProject
Global
	GlobalSection(SolutionConfigurationPlatforms) = preSolution
		Debug|Any CPU = Debug|Any CPU
		Release|Any CPU = Release|Any CPU
	EndGlobalSection
	GlobalSection(ProjectConfigurationPlatforms) = postSolution
		{0B9F0E80-58B9-4A38-AB89-621149266B02}.Debug|Any CPU.ActiveCfg = Debug|Any CPU
		{0B9F0E80-58B9-4A38-AB89-621149266B02}.Debug|Any CPU.Build.0 = Debug|Any CPU
		{0B9F0E80-58B9-4A38-AB89-621149266B02}.Release|Any CPU.ActiveCfg = Release|Any CPU
		{0B9F0E80-58B9-4A38-AB89-621149266B02}.Release|Any CPU.Build.0 = Release|Any CPU
	EndGlobalSection
	GlobalSection(SolutionProperties) = preSolution
		HideSolutionNode = FALSE
	EndGlobalSection
	GlobalSection(ExtensibilityGlobals) = postSolution
		SolutionGuid = {B48BDE6D-6CD1-4890-8A7F-1707B37194F0}
	EndGlobalSection
EndGlobal
